
Microsoft Visual Studio Solution File, Format Version 12.00
# Visual Studio 14
VisualStudioVersion = 14.0.25420.1
MinimumVisualStudioVersion = 10.0.40219.1
Project("{F2A71F9B-5D33-465A-A702-920D77279786}") = "Ionide.FSharp", "src\Ionide.FSharp.fsproj", "{D1081029-2369-4DAA-9F33-2353C5C9ED02}"
EndProject
Project("{2150E333-8FDC-42A3-9474-1A3956D46DE8}") = "build", "build", "{67EDE4A4-AC6E-407A-987D-A4B6334C29F2}"
	ProjectSection(SolutionItems) = preProject
		.gitignore = .gitignore
		build.cmd = build.cmd
		build.fsx = build.fsx
		build.sh = build.sh
		release\fsharp.configuration.json = release\fsharp.configuration.json
		github-download.fsx = github-download.fsx
		release\package.json = release\package.json
		paket.dependencies = paket.dependencies
		paket.lock = paket.lock
		README.md = README.md
		RELEASE_NOTES.md = RELEASE_NOTES.md
	EndProjectSection
EndProject
Project("{2150E333-8FDC-42A3-9474-1A3956D46DE8}") = "release", "release", "{BFA5D453-C8E9-42A8-9B45-59DD7544AF8C}"
	ProjectSection(SolutionItems) = preProject
		release\fsharp.configuration.json = release\fsharp.configuration.json
		release\package.json = release\package.json
	EndProjectSection
EndProject
Project("{2150E333-8FDC-42A3-9474-1A3956D46DE8}") = "syntaxes", "syntaxes", "{454F17D1-97A2-4DE6-9748-A65AF3B0CC33}"
	ProjectSection(SolutionItems) = preProject
		release\syntaxes\fsharp.fsi.json = release\syntaxes\fsharp.fsi.json
		release\syntaxes\fsharp.fsl.json = release\syntaxes\fsharp.fsl.json
		release\syntaxes\fsharp.fsx.json = release\syntaxes\fsharp.fsx.json
		release\syntaxes\fsharp.json = release\syntaxes\fsharp.json
	EndProjectSection
EndProject
Project("{2150E333-8FDC-42A3-9474-1A3956D46DE8}") = ".vscode", ".vscode", "{B9B51C72-7B91-4EAE-AEC1-7440453322DA}"
	ProjectSection(SolutionItems) = preProject
		.vscode\launch.json = .vscode\launch.json
		.vscode\tasks.json = .vscode\tasks.json
	EndProjectSection
EndProject
Global
	GlobalSection(SolutionConfigurationPlatforms) = preSolution
		Debug|Any CPU = Debug|Any CPU
		Debug|x86 = Debug|x86
		Release|Any CPU = Release|Any CPU
		Release|x86 = Release|x86
	EndGlobalSection
	GlobalSection(ProjectConfigurationPlatforms) = postSolution
		{D1081029-2369-4DAA-9F33-2353C5C9ED02}.Debug|Any CPU.ActiveCfg = Debug|Any CPU
		{D1081029-2369-4DAA-9F33-2353C5C9ED02}.Debug|Any CPU.Build.0 = Debug|Any CPU
		{D1081029-2369-4DAA-9F33-2353C5C9ED02}.Debug|x86.ActiveCfg = Debug|Any CPU
		{D1081029-2369-4DAA-9F33-2353C5C9ED02}.Debug|x86.Build.0 = Debug|Any CPU
		{D1081029-2369-4DAA-9F33-2353C5C9ED02}.Release|Any CPU.ActiveCfg = Release|Any CPU
		{D1081029-2369-4DAA-9F33-2353C5C9ED02}.Release|Any CPU.Build.0 = Release|Any CPU
		{D1081029-2369-4DAA-9F33-2353C5C9ED02}.Release|x86.ActiveCfg = Release|Any CPU
		{D1081029-2369-4DAA-9F33-2353C5C9ED02}.Release|x86.Build.0 = Release|Any CPU
		{4A0A2952-E9D2-4EB2-BCE3-AF89EF15CBC4}.Debug|Any CPU.ActiveCfg = Debug|Any CPU
		{4A0A2952-E9D2-4EB2-BCE3-AF89EF15CBC4}.Debug|Any CPU.Build.0 = Debug|Any CPU
		{4A0A2952-E9D2-4EB2-BCE3-AF89EF15CBC4}.Debug|x86.ActiveCfg = Debug|Any CPU
		{4A0A2952-E9D2-4EB2-BCE3-AF89EF15CBC4}.Debug|x86.Build.0 = Debug|Any CPU
		{4A0A2952-E9D2-4EB2-BCE3-AF89EF15CBC4}.Release|Any CPU.ActiveCfg = Release|Any CPU
		{4A0A2952-E9D2-4EB2-BCE3-AF89EF15CBC4}.Release|Any CPU.Build.0 = Release|Any CPU
		{4A0A2952-E9D2-4EB2-BCE3-AF89EF15CBC4}.Release|x86.ActiveCfg = Release|Any CPU
		{4A0A2952-E9D2-4EB2-BCE3-AF89EF15CBC4}.Release|x86.Build.0 = Release|Any CPU
	EndGlobalSection
	GlobalSection(SolutionProperties) = preSolution
		HideSolutionNode = FALSE
	EndGlobalSection
	GlobalSection(NestedProjects) = preSolution
		{454F17D1-97A2-4DE6-9748-A65AF3B0CC33} = {BFA5D453-C8E9-42A8-9B45-59DD7544AF8C}
	EndGlobalSection
	GlobalSection(MonoDevelopProperties) = preSolution
		StartupItem = src\Ionide.FSharp.fsproj
	EndGlobalSection
EndGlobal
